<?xml version="1.0" encoding="utf-8"?>
<Project ToolsVersion="4.0" xmlns="http://schemas.microsoft.com/developer/msbuild/2003">
  <ItemGroup>
    <Filter Include="Razel">
      <UniqueIdentifier>{A31E020E-0F33-2ABF-D8B4-CD1E448826F0}</UniqueIdentifier>
    </Filter>
  </ItemGroup>
  <ItemGroup>
    <ClInclude Include="src\Razel.h" />
    <ClInclude Include="src\Razel\Application.h">
      <Filter>Razel</Filter>
    </ClInclude>
    <ClInclude Include="src\Razel\Core.h">
      <Filter>Razel</Filter>
    </ClInclude>
    <ClInclude Include="src\Razel\EntryPoint.h">
      <Filter>Razel</Filter>
    </ClInclude>
    <ClInclude Include="src\Razel\Log.h">
      <Filter>Razel</Filter>
    </ClInclude>
  </ItemGroup>
  <ItemGroup>
    <ClCompile Include="src\Razel\Application.cpp">
      <Filter>Razel</Filter>
    </ClCompile>
    <ClCompile Include="src\Razel\Log.cpp">
      <Filter>Razel</Filter>
    </ClCompile>
  </ItemGroup>
</Project>